
Microsoft Visual Studio Solution File, Format Version 12.00
# Visual Studio Version 17
VisualStudioVersion = 17.10.35027.167
MinimumVisualStudioVersion = 10.0.40219.1
Project("{FAE04EC0-301F-11D3-BF4B-00C04F79EFBC}") = "array_pratik", "array_pratik\array_pratik.csproj", "{4D63837C-3002-4F89-BB1D-35783088A059}"
EndProject
Global
	GlobalSection(SolutionConfigurationPlatforms) = preSolution
		Debug|Any CPU = Debug|Any CPU
		Release|Any CPU = Release|Any CPU
	EndGlobalSection
	GlobalSection(ProjectConfigurationPlatforms) = postSolution
		{4D63837C-3002-4F89-BB1D-35783088A059}.Debug|Any CPU.ActiveCfg = Debug|Any CPU
		{4D63837C-3002-4F89-BB1D-35783088A059}.Debug|Any CPU.Build.0 = Debug|Any CPU
		{4D63837C-3002-4F89-BB1D-35783088A059}.Release|Any CPU.ActiveCfg = Release|Any CPU
		{4D63837C-3002-4F89-BB1D-35783088A059}.Release|Any CPU.Build.0 = Release|Any CPU
	EndGlobalSection
	GlobalSection(SolutionProperties) = preSolution
		HideSolutionNode = FALSE
	EndGlobalSection
	GlobalSection(ExtensibilityGlobals) = postSolution
		SolutionGuid = {46ED1FA3-A456-46FA-969A-A91E527B4387}
	EndGlobalSection
EndGlobal
